
Microsoft Visual Studio Solution File, Format Version 12.00
# Visual Studio Version 17
VisualStudioVersion = 17.2.32616.157
MinimumVisualStudioVersion = 10.0.40219.1
Project("{FAE04EC0-301F-11D3-BF4B-00C04F79EFBC}") = "csharp-banca-oop", "csharp-banca-oop.csproj", "{75980004-9034-434D-B109-8DBEEEFD233D}"
EndProject
Global
	GlobalSection(SolutionConfigurationPlatforms) = preSolution
		Debug|Any CPU = Debug|Any CPU
		Release|Any CPU = Release|Any CPU
	EndGlobalSection
	GlobalSection(ProjectConfigurationPlatforms) = postSolution
		{75980004-9034-434D-B109-8DBEEEFD233D}.Debug|Any CPU.ActiveCfg = Debug|Any CPU
		{75980004-9034-434D-B109-8DBEEEFD233D}.Debug|Any CPU.Build.0 = Debug|Any CPU
		{75980004-9034-434D-B109-8DBEEEFD233D}.Release|Any CPU.ActiveCfg = Release|Any CPU
		{75980004-9034-434D-B109-8DBEEEFD233D}.Release|Any CPU.Build.0 = Release|Any CPU
	EndGlobalSection
	GlobalSection(SolutionProperties) = preSolution
		HideSolutionNode = FALSE
	EndGlobalSection
	GlobalSection(ExtensibilityGlobals) = postSolution
		SolutionGuid = {1EF5D3CB-AD79-4D9D-825B-9F9BCF273F97}
	EndGlobalSection
EndGlobal
